
Microsoft Visual Studio Solution File, Format Version 12.00
# Visual Studio 15
VisualStudioVersion = 15.0.27703.2042
MinimumVisualStudioVersion = 10.0.40219.1
Project("{8BC9CEB8-8B4A-11D0-8D11-00A0C91BC942}") = "Vjezba2_labos", "Vjezba2_labos\Vjezba2_labos.vcxproj", "{6F2059F0-AAC5-47E1-A981-04F99C1487AB}"
EndProject
Global
	GlobalSection(SolutionConfigurationPlatforms) = preSolution
		Debug|x64 = Debug|x64
		Debug|x86 = Debug|x86
		Release|x64 = Release|x64
		Release|x86 = Release|x86
	EndGlobalSection
	GlobalSection(ProjectConfigurationPlatforms) = postSolution
		{6F2059F0-AAC5-47E1-A981-04F99C1487AB}.Debug|x64.ActiveCfg = Debug|x64
		{6F2059F0-AAC5-47E1-A981-04F99C1487AB}.Debug|x64.Build.0 = Debug|x64
		{6F2059F0-AAC5-47E1-A981-04F99C1487AB}.Debug|x86.ActiveCfg = Debug|Win32
		{6F2059F0-AAC5-47E1-A981-04F99C1487AB}.Debug|x86.Build.0 = Debug|Win32
		{6F2059F0-AAC5-47E1-A981-04F99C1487AB}.Release|x64.ActiveCfg = Release|x64
		{6F2059F0-AAC5-47E1-A981-04F99C1487AB}.Release|x64.Build.0 = Release|x64
		{6F2059F0-AAC5-47E1-A981-04F99C1487AB}.Release|x86.ActiveCfg = Release|Win32
		{6F2059F0-AAC5-47E1-A981-04F99C1487AB}.Release|x86.Build.0 = Release|Win32
	EndGlobalSection
	GlobalSection(SolutionProperties) = preSolution
		HideSolutionNode = FALSE
	EndGlobalSection
	GlobalSection(ExtensibilityGlobals) = postSolution
		SolutionGuid = {ADEBAD29-8EE4-41FA-9F81-550FE396AE5B}
	EndGlobalSection
EndGlobal
